{
  "version": 4,
  "terraform_version": "1.11.2",
  "serial": 36,
  "lineage": "20bba848-c7f6-4050-a2dd-bf797c3ca73c",
  "outputs": {
    "cloud_function_name": {
      "value": "gcs-to-pubsub-publisher",
      "type": "string"
    },
    "cloud_function_service_account_email": {
      "value": "cf-gcs-to-pubsub-publisher-sa@pubsub-demo-0518.iam.gserviceaccount.com",
      "type": "string"
    },
    "cloud_run_job_name": {
      "value": "pubsub-gcs-subscriber-job",
      "type": "string"
    },
    "cloud_run_job_service_account_email": {
      "value": "crj-pubsub-gcs-subscriber-j-sa@pubsub-demo-0518.iam.gserviceaccount.com",
      "type": "string"
    },
    "function_source_gcs_bucket_name": {
      "value": "pubsub-demo-0518-cf-source-b0f2920b",
      "type": "string"
    },
    "pubsub_subscription_name_full": {
      "value": "projects/pubsub-demo-0518/subscriptions/gcs-file-event-subscriber",
      "type": "string"
    },
    "pubsub_subscription_name_short": {
      "value": "gcs-file-event-subscriber",
      "type": "string"
    },
    "pubsub_topic_name_full": {
      "value": "projects/pubsub-demo-0518/topics/gcs-file-events",
      "type": "string"
    },
    "pubsub_topic_name_short": {
      "value": "gcs-file-events",
      "type": "string"
    },
    "source_gcs_bucket_name": {
      "value": "pubsub-demo-0518-source-files-b0f2920b",
      "type": "string"
    },
    "target_gcs_bucket_name": {
      "value": "pubsub-demo-0518-processed-files-b0f2920b",
      "type": "string"
    },
    "terraform_state_bucket_name": {
      "value": "pubsub-demo-0518-tfstate-b0f2920b",
      "type": "string"
    }
  },
  "resources": [
    {
      "mode": "data",
      "type": "archive_file",
      "name": "function_source_zip",
      "provider": "provider[\"registry.terraform.io/hashicorp/archive\"]",
      "instances": [
        {
          "schema_version": 0,
          "attributes": {
            "exclude_symlink_directories": null,
            "excludes": null,
            "id": "bf627bf3ddaa9dda86ebe77b578abecd14b7891b",
            "output_base64sha256": "bcshR2b6+8EjeNYi54ZKQbdI44QvcgociavV+1tbOb8=",
            "output_base64sha512": "ahaIFmm40QsxSFfyOpNydDJiiMZ0LvYH6NwbGd1YPGaWpE3qfJbS4L22Vp7BPKA0ENveHUo/4NPkhMFu3cDuqw==",
            "output_file_mode": null,
            "output_md5": "399b42771d1b16025c98f1da20f07734",
            "output_path": "function_source_gcs-to-pubsub-publisher.zip",
            "output_sha": "bf627bf3ddaa9dda86ebe77b578abecd14b7891b",
            "output_sha256": "6dcb214766fafbc12378d622e7864a41b748e3842f720a1c89abd5fb5b5b39bf",
            "output_sha512": "6a16881669b8d10b314857f23a937274326288c6742ef607e8dc1b19dd583c6696a44dea7c96d2e0bdb6569ec13ca03410dbde1d4a3fe0d3e484c16eddc0eeab",
            "output_size": 2033,
            "source": [],
            "source_content": null,
            "source_content_filename": null,
            "source_dir": "/home/shacham/dev/train/gcp/pubsub/src/gcs_to_pubsub_publisher_cf",
            "source_file": null,
            "type": "zip"
          },
          "sensitive_attributes": []
        }
      ]
    },
    {
      "mode": "data",
      "type": "google_project",
      "name": "project",
      "provider": "provider[\"registry.terraform.io/hashicorp/google\"]",
      "instances": [
        {
          "schema_version": 0,
          "attributes": {
            "auto_create_network": null,
            "billing_account": "017823-F87FB0-DD553E",
            "deletion_policy": "DELETE",
            "effective_labels": {},
            "folder_id": null,
            "id": "projects/pubsub-demo-0518",
            "labels": {},
            "name": "pubsub-demo-0518",
            "number": "935493083988",
            "org_id": null,
            "project_id": "pubsub-demo-0518",
            "skip_delete": null,
            "terraform_labels": {}
          },
          "sensitive_attributes": []
        }
      ]
    },
    {
      "mode": "data",
      "type": "google_storage_project_service_account",
      "name": "gcs_service_account",
      "provider": "provider[\"registry.terraform.io/hashicorp/google\"]",
      "instances": [
        {
          "schema_version": 0,
          "attributes": {
            "email_address": "service-935493083988@gs-project-accounts.iam.gserviceaccount.com",
            "id": "service-935493083988@gs-project-accounts.iam.gserviceaccount.com",
            "member": "serviceAccount:service-935493083988@gs-project-accounts.iam.gserviceaccount.com",
            "project": "pubsub-demo-0518",
            "user_project": null
          },
          "sensitive_attributes": []
        }
      ]
    },
    {
      "mode": "managed",
      "type": "google_cloud_run_v2_job",
      "name": "subscriber_job",
      "provider": "provider[\"registry.terraform.io/hashicorp/google\"]",
      "instances": [
        {
          "schema_version": 0,
          "attributes": {
            "annotations": {},
            "binary_authorization": [],
            "client": "",
            "client_version": "",
            "conditions": [],
            "create_time": "2025-06-10T00:07:42.626565Z",
            "creator": "shacham@swbell.net",
            "delete_time": "",
            "effective_annotations": {},
            "effective_labels": {},
            "etag": "\"CM7uncIGEIi_4qoC/cHJvamVjdHMvcHVic3ViLWRlbW8tMDUxOC9sb2NhdGlvbnMvdXMtY2VudHJhbDEvam9icy9wdWJzdWItZ2NzLXN1YnNjcmliZXItam9i\"",
            "execution_count": 1,
            "expire_time": "",
            "generation": "1",
            "id": "projects/pubsub-demo-0518/locations/us-central1/jobs/pubsub-gcs-subscriber-job",
            "labels": {},
            "last_modifier": "shacham@swbell.net",
            "latest_created_execution": [
              {
                "completion_time": "2025-06-10T00:25:12.490165Z",
                "create_time": "2025-06-10T00:23:44.805519Z",
                "name": "pubsub-gcs-subscriber-job-td4mk"
              }
            ],
            "launch_stage": "GA",
            "location": "us-central1",
            "name": "pubsub-gcs-subscriber-job",
            "observed_generation": "1",
            "project": "pubsub-demo-0518",
            "reconciling": false,
            "template": [
              {
                "annotations": {},
                "labels": {},
                "parallelism": 0,
                "task_count": 1,
                "template": [
                  {
                    "containers": [
                      {
                        "args": [],
                        "command": [],
                        "env": [
                          {
                            "name": "GCP_PROJECT_ID",
                            "value": "pubsub-demo-0518",
                            "value_source": []
                          },
                          {
                            "name": "PUBSUB_SUBSCRIPTION_ID",
                            "value": "projects/pubsub-demo-0518/subscriptions/gcs-file-event-subscriber",
                            "value_source": []
                          },
                          {
                            "name": "TARGET_GCS_BUCKET_NAME",
                            "value": "pubsub-demo-0518-processed-files-b0f2920b",
                            "value_source": []
                          },
                          {
                            "name": "EXPECTED_MESSAGES_COUNT",
                            "value": "10",
                            "value_source": []
                          },
                          {
                            "name": "OUTPUT_GCS_FILENAME",
                            "value": "aggregated_job_output.json",
                            "value_source": []
                          }
                        ],
                        "image": "gcr.io/pubsub-demo-0518/pubsub-gcs-subscriber:latest",
                        "name": "",
                        "ports": [],
                        "resources": [
                          {
                            "limits": {
                              "cpu": "1000m",
                              "memory": "512Mi"
                            }
                          }
                        ],
                        "volume_mounts": [],
                        "working_dir": ""
                      }
                    ],
                    "encryption_key": "",
                    "execution_environment": "EXECUTION_ENVIRONMENT_GEN2",
                    "max_retries": 3,
                    "service_account": "crj-pubsub-gcs-subscriber-j-sa@pubsub-demo-0518.iam.gserviceaccount.com",
                    "timeout": "600s",
                    "volumes": [],
                    "vpc_access": []
                  }
                ]
              }
            ],
            "terminal_condition": [
              {
                "execution_reason": "",
                "last_transition_time": "2025-06-10T00:07:42.878129Z",
                "message": "",
                "reason": "",
                "revision_reason": "",
                "severity": "",
                "state": "CONDITION_SUCCEEDED",
                "type": "Ready"
              }
            ],
            "terraform_labels": {},
            "timeouts": null,
            "uid": "879536cd-935f-4029-a1c9-f8527604f0b4",
            "update_time": "2025-06-10T00:07:42.626565Z"
          },
          "sensitive_attributes": [],
          "private": "eyJlMmJmYjczMC1lY2FhLTExZTYtOGY4OC0zNDM2M2JjN2M0YzAiOnsiY3JlYXRlIjoxMjAwMDAwMDAwMDAwLCJkZWxldGUiOjEyMDAwMDAwMDAwMDAsInVwZGF0ZSI6MTIwMDAwMDAwMDAwMH19",
          "dependencies": [
            "google_project_iam_member.cr_job_sa_pubsub_subscriber",
            "google_project_iam_member.cr_job_sa_storage_object_admin",
            "google_pubsub_subscription.default_subscription",
            "google_pubsub_topic.default_topic",
            "google_service_account.cr_job_sa",
            "google_storage_bucket.target_bucket",
            "random_id.bucket_hex"
          ]
        }
      ]
    },
    {
      "mode": "managed",
      "type": "google_cloud_run_v2_job_iam_member",
      "name": "cf_sa_can_run_subscriber_job",
      "provider": "provider[\"registry.terraform.io/hashicorp/google\"]",
      "instances": [
        {
          "schema_version": 0,
          "attributes": {
            "condition": [],
            "etag": "BwY3LLQUucU=",
            "id": "projects/pubsub-demo-0518/locations/us-central1/jobs/pubsub-gcs-subscriber-job/roles/run.invoker/serviceAccount:cf-gcs-to-pubsub-publisher-sa@pubsub-demo-0518.iam.gserviceaccount.com",
            "location": "us-central1",
            "member": "serviceAccount:cf-gcs-to-pubsub-publisher-sa@pubsub-demo-0518.iam.gserviceaccount.com",
            "name": "projects/pubsub-demo-0518/locations/us-central1/jobs/pubsub-gcs-subscriber-job",
            "project": "pubsub-demo-0518",
            "role": "roles/run.invoker"
          },
          "sensitive_attributes": [],
          "private": "bnVsbA==",
          "dependencies": [
            "google_cloud_run_v2_job.subscriber_job",
            "google_project_iam_member.cr_job_sa_pubsub_subscriber",
            "google_project_iam_member.cr_job_sa_storage_object_admin",
            "google_pubsub_subscription.default_subscription",
            "google_pubsub_topic.default_topic",
            "google_service_account.cf_sa",
            "google_service_account.cr_job_sa",
            "google_storage_bucket.target_bucket",
            "random_id.bucket_hex"
          ]
        }
      ]
    },
    {
      "mode": "managed",
      "type": "google_cloudfunctions2_function",
      "name": "default_function",
      "provider": "provider[\"registry.terraform.io/hashicorp/google\"]",
      "instances": [
        {
          "schema_version": 0,
          "attributes": {
            "build_config": [
              {
                "automatic_update_policy": [
                  {}
                ],
                "build": "projects/935493083988/locations/us-central1/builds/dc579b59-dbb2-418b-a76a-93fb0c06637e",
                "docker_repository": "projects/pubsub-demo-0518/locations/us-central1/repositories/gcf-artifacts",
                "entry_point": "gcs_event_handler",
                "environment_variables": {},
                "on_deploy_update_policy": [],
                "runtime": "python311",
                "service_account": "projects/pubsub-demo-0518/serviceAccounts/935493083988-compute@developer.gserviceaccount.com",
                "source": [
                  {
                    "repo_source": [],
                    "storage_source": [
                      {
                        "bucket": "pubsub-demo-0518-cf-source-b0f2920b",
                        "generation": 1749497989376829,
                        "object": "source-399b42771d1b16025c98f1da20f07734.zip"
                      }
                    ]
                  }
                ],
                "worker_pool": ""
              }
            ],
            "description": "Publishes GCS file content (JSON list) as individual Pub/Sub messages.",
            "effective_labels": {},
            "environment": "GEN_2",
            "event_trigger": [
              {
                "event_filters": [
                  {
                    "attribute": "bucket",
                    "operator": "",
                    "value": "pubsub-demo-0518-source-files-b0f2920b"
                  }
                ],
                "event_type": "google.cloud.storage.object.v1.finalized",
                "pubsub_topic": "projects/pubsub-demo-0518/topics/eventarc-us-central1-gcs-to-pubsub-publisher-642118-092",
                "retry_policy": "RETRY_POLICY_RETRY",
                "service_account_email": "cf-gcs-to-pubsub-publisher-sa@pubsub-demo-0518.iam.gserviceaccount.com",
                "trigger": "projects/pubsub-demo-0518/locations/us-central1/triggers/gcs-to-pubsub-publisher-642118",
                "trigger_region": "us-central1"
              }
            ],
            "id": "projects/pubsub-demo-0518/locations/us-central1/functions/gcs-to-pubsub-publisher",
            "kms_key_name": "",
            "labels": {},
            "location": "us-central1",
            "name": "gcs-to-pubsub-publisher",
            "project": "pubsub-demo-0518",
            "service_config": [
              {
                "all_traffic_on_latest_revision": true,
                "available_cpu": "0.1666",
                "available_memory": "256Mi",
                "environment_variables": {
                  "CLOUD_RUN_JOB_NAME": "pubsub-gcs-subscriber-job",
                  "CLOUD_RUN_JOB_REGION": "us-central1",
                  "GCP_PROJECT_ID": "pubsub-demo-0518",
                  "LOG_EXECUTION_ID": "true",
                  "PUBSUB_TOPIC_ID": "gcs-file-events"
                },
                "gcf_uri": "",
                "ingress_settings": "ALLOW_ALL",
                "max_instance_count": 3,
                "max_instance_request_concurrency": 1,
                "min_instance_count": 0,
                "secret_environment_variables": [],
                "secret_volumes": [],
                "service": "projects/pubsub-demo-0518/locations/us-central1/services/gcs-to-pubsub-publisher",
                "service_account_email": "cf-gcs-to-pubsub-publisher-sa@pubsub-demo-0518.iam.gserviceaccount.com",
                "timeout_seconds": 60,
                "uri": "https://gcs-to-pubsub-publisher-46qxtw2hea-uc.a.run.app",
                "vpc_connector": "",
                "vpc_connector_egress_settings": ""
              }
            ],
            "state": "ACTIVE",
            "terraform_labels": {},
            "timeouts": null,
            "update_time": "2025-06-10T00:19:20.292174303Z",
            "url": "https://us-central1-pubsub-demo-0518.cloudfunctions.net/gcs-to-pubsub-publisher"
          },
          "sensitive_attributes": [],
          "private": "eyJlMmJmYjczMC1lY2FhLTExZTYtOGY4OC0zNDM2M2JjN2M0YzAiOnsiY3JlYXRlIjozNjAwMDAwMDAwMDAwLCJkZWxldGUiOjM2MDAwMDAwMDAwMDAsInVwZGF0ZSI6MzYwMDAwMDAwMDAwMH19",
          "dependencies": [
            "data.archive_file.function_source_zip",
            "google_project_iam_member.cf_sa_run_invoker",
            "google_pubsub_topic.default_topic",
            "google_service_account.cf_sa",
            "google_storage_bucket.function_source_bucket",
            "google_storage_bucket.source_bucket",
            "google_storage_bucket_object.function_source_archive",
            "random_id.bucket_hex"
          ]
        }
      ]
    },
    {
      "mode": "managed",
      "type": "google_project_iam_member",
      "name": "cf_sa_eventarc_receiver",
      "provider": "provider[\"registry.terraform.io/hashicorp/google\"]",
      "instances": [
        {
          "schema_version": 0,
          "attributes": {
            "condition": [],
            "etag": "BwY3NngN5Uo=",
            "id": "pubsub-demo-0518/roles/eventarc.eventReceiver/serviceAccount:cf-gcs-to-pubsub-publisher-sa@pubsub-demo-0518.iam.gserviceaccount.com",
            "member": "serviceAccount:cf-gcs-to-pubsub-publisher-sa@pubsub-demo-0518.iam.gserviceaccount.com",
            "project": "pubsub-demo-0518",
            "role": "roles/eventarc.eventReceiver"
          },
          "sensitive_attributes": [],
          "private": "bnVsbA==",
          "dependencies": [
            "google_service_account.cf_sa"
          ]
        }
      ]
    },
    {
      "mode": "managed",
      "type": "google_project_iam_member",
      "name": "cf_sa_pubsub_publisher",
      "provider": "provider[\"registry.terraform.io/hashicorp/google\"]",
      "instances": [
        {
          "schema_version": 0,
          "attributes": {
            "condition": [],
            "etag": "BwY3NngN5Uo=",
            "id": "pubsub-demo-0518/roles/pubsub.publisher/serviceAccount:cf-gcs-to-pubsub-publisher-sa@pubsub-demo-0518.iam.gserviceaccount.com",
            "member": "serviceAccount:cf-gcs-to-pubsub-publisher-sa@pubsub-demo-0518.iam.gserviceaccount.com",
            "project": "pubsub-demo-0518",
            "role": "roles/pubsub.publisher"
          },
          "sensitive_attributes": [],
          "private": "bnVsbA==",
          "dependencies": [
            "google_service_account.cf_sa"
          ]
        }
      ]
    },
    {
      "mode": "managed",
      "type": "google_project_iam_member",
      "name": "cf_sa_run_invoker",
      "provider": "provider[\"registry.terraform.io/hashicorp/google\"]",
      "instances": [
        {
          "schema_version": 0,
          "attributes": {
            "condition": [],
            "etag": "BwY3NngN5Uo=",
            "id": "pubsub-demo-0518/roles/run.invoker/serviceAccount:cf-gcs-to-pubsub-publisher-sa@pubsub-demo-0518.iam.gserviceaccount.com",
            "member": "serviceAccount:cf-gcs-to-pubsub-publisher-sa@pubsub-demo-0518.iam.gserviceaccount.com",
            "project": "pubsub-demo-0518",
            "role": "roles/run.invoker"
          },
          "sensitive_attributes": [],
          "private": "bnVsbA==",
          "dependencies": [
            "google_service_account.cf_sa"
          ]
        }
      ]
    },
    {
      "mode": "managed",
      "type": "google_project_iam_member",
      "name": "cf_sa_storage_object_viewer",
      "provider": "provider[\"registry.terraform.io/hashicorp/google\"]",
      "instances": [
        {
          "schema_version": 0,
          "attributes": {
            "condition": [],
            "etag": "BwY3NngN5Uo=",
            "id": "pubsub-demo-0518/roles/storage.objectViewer/serviceAccount:cf-gcs-to-pubsub-publisher-sa@pubsub-demo-0518.iam.gserviceaccount.com",
            "member": "serviceAccount:cf-gcs-to-pubsub-publisher-sa@pubsub-demo-0518.iam.gserviceaccount.com",
            "project": "pubsub-demo-0518",
            "role": "roles/storage.objectViewer"
          },
          "sensitive_attributes": [],
          "private": "bnVsbA==",
          "dependencies": [
            "google_service_account.cf_sa"
          ]
        }
      ]
    },
    {
      "mode": "managed",
      "type": "google_project_iam_member",
      "name": "cr_job_sa_pubsub_subscriber",
      "provider": "provider[\"registry.terraform.io/hashicorp/google\"]",
      "instances": [
        {
          "schema_version": 0,
          "attributes": {
            "condition": [],
            "etag": "BwY3NngN5Uo=",
            "id": "pubsub-demo-0518/roles/pubsub.subscriber/serviceAccount:crj-pubsub-gcs-subscriber-j-sa@pubsub-demo-0518.iam.gserviceaccount.com",
            "member": "serviceAccount:crj-pubsub-gcs-subscriber-j-sa@pubsub-demo-0518.iam.gserviceaccount.com",
            "project": "pubsub-demo-0518",
            "role": "roles/pubsub.subscriber"
          },
          "sensitive_attributes": [],
          "private": "bnVsbA==",
          "dependencies": [
            "google_service_account.cr_job_sa"
          ]
        }
      ]
    },
    {
      "mode": "managed",
      "type": "google_project_iam_member",
      "name": "cr_job_sa_storage_object_admin",
      "provider": "provider[\"registry.terraform.io/hashicorp/google\"]",
      "instances": [
        {
          "schema_version": 0,
          "attributes": {
            "condition": [],
            "etag": "BwY3NngN5Uo=",
            "id": "pubsub-demo-0518/roles/storage.objectAdmin/serviceAccount:crj-pubsub-gcs-subscriber-j-sa@pubsub-demo-0518.iam.gserviceaccount.com",
            "member": "serviceAccount:crj-pubsub-gcs-subscriber-j-sa@pubsub-demo-0518.iam.gserviceaccount.com",
            "project": "pubsub-demo-0518",
            "role": "roles/storage.objectAdmin"
          },
          "sensitive_attributes": [],
          "private": "bnVsbA==",
          "dependencies": [
            "google_service_account.cr_job_sa"
          ]
        }
      ]
    },
    {
      "mode": "managed",
      "type": "google_project_iam_member",
      "name": "cr_job_sa_token_creator",
      "provider": "provider[\"registry.terraform.io/hashicorp/google\"]",
      "instances": [
        {
          "schema_version": 0,
          "attributes": {
            "condition": [],
            "etag": "BwY3NngN5Uo=",
            "id": "pubsub-demo-0518/roles/iam.serviceAccountTokenCreator/serviceAccount:crj-pubsub-gcs-subscriber-j-sa@pubsub-demo-0518.iam.gserviceaccount.com",
            "member": "serviceAccount:crj-pubsub-gcs-subscriber-j-sa@pubsub-demo-0518.iam.gserviceaccount.com",
            "project": "pubsub-demo-0518",
            "role": "roles/iam.serviceAccountTokenCreator"
          },
          "sensitive_attributes": [],
          "private": "bnVsbA==",
          "dependencies": [
            "google_service_account.cr_job_sa"
          ]
        }
      ]
    },
    {
      "mode": "managed",
      "type": "google_project_iam_member",
      "name": "eventarc_service_agent",
      "provider": "provider[\"registry.terraform.io/hashicorp/google\"]",
      "instances": [
        {
          "schema_version": 0,
          "attributes": {
            "condition": [],
            "etag": "BwY3NngN5Uo=",
            "id": "pubsub-demo-0518/roles/eventarc.serviceAgent/serviceAccount:service-935493083988@gcp-sa-eventarc.iam.gserviceaccount.com",
            "member": "serviceAccount:service-935493083988@gcp-sa-eventarc.iam.gserviceaccount.com",
            "project": "pubsub-demo-0518",
            "role": "roles/eventarc.serviceAgent"
          },
          "sensitive_attributes": [],
          "private": "bnVsbA==",
          "dependencies": [
            "data.google_project.project"
          ]
        }
      ]
    },
    {
      "mode": "managed",
      "type": "google_project_iam_member",
      "name": "gcs_service_agent_pubsub_publisher",
      "provider": "provider[\"registry.terraform.io/hashicorp/google\"]",
      "instances": [
        {
          "schema_version": 0,
          "attributes": {
            "condition": [],
            "etag": "BwY3NngN5Uo=",
            "id": "pubsub-demo-0518/roles/pubsub.publisher/serviceAccount:service-935493083988@gs-project-accounts.iam.gserviceaccount.com",
            "member": "serviceAccount:service-935493083988@gs-project-accounts.iam.gserviceaccount.com",
            "project": "pubsub-demo-0518",
            "role": "roles/pubsub.publisher"
          },
          "sensitive_attributes": [],
          "private": "bnVsbA==",
          "dependencies": [
            "data.google_storage_project_service_account.gcs_service_account"
          ]
        }
      ]
    },
    {
      "mode": "managed",
      "type": "google_pubsub_subscription",
      "name": "default_subscription",
      "provider": "provider[\"registry.terraform.io/hashicorp/google\"]",
      "instances": [
        {
          "schema_version": 0,
          "attributes": {
            "ack_deadline_seconds": 30,
            "bigquery_config": [],
            "cloud_storage_config": [],
            "dead_letter_policy": [],
            "effective_labels": {},
            "enable_exactly_once_delivery": false,
            "enable_message_ordering": false,
            "expiration_policy": [
              {
                "ttl": "2678400s"
              }
            ],
            "filter": "",
            "id": "projects/pubsub-demo-0518/subscriptions/gcs-file-event-subscriber",
            "labels": {},
            "message_retention_duration": "604800s",
            "name": "gcs-file-event-subscriber",
            "project": "pubsub-demo-0518",
            "push_config": [],
            "retain_acked_messages": false,
            "retry_policy": [],
            "terraform_labels": {},
            "timeouts": null,
            "topic": "projects/pubsub-demo-0518/topics/gcs-file-events"
          },
          "sensitive_attributes": [],
          "private": "eyJlMmJmYjczMC1lY2FhLTExZTYtOGY4OC0zNDM2M2JjN2M0YzAiOnsiY3JlYXRlIjoxMjAwMDAwMDAwMDAwLCJkZWxldGUiOjEyMDAwMDAwMDAwMDAsInVwZGF0ZSI6MTIwMDAwMDAwMDAwMH19",
          "dependencies": [
            "google_pubsub_topic.default_topic"
          ]
        }
      ]
    },
    {
      "mode": "managed",
      "type": "google_pubsub_topic",
      "name": "default_topic",
      "provider": "provider[\"registry.terraform.io/hashicorp/google\"]",
      "instances": [
        {
          "schema_version": 0,
          "attributes": {
            "effective_labels": {},
            "id": "projects/pubsub-demo-0518/topics/gcs-file-events",
            "ingestion_data_source_settings": [],
            "kms_key_name": "",
            "labels": {},
            "message_retention_duration": "",
            "message_storage_policy": [],
            "name": "gcs-file-events",
            "project": "pubsub-demo-0518",
            "schema_settings": [],
            "terraform_labels": {},
            "timeouts": null
          },
          "sensitive_attributes": [],
          "private": "eyJlMmJmYjczMC1lY2FhLTExZTYtOGY4OC0zNDM2M2JjN2M0YzAiOnsiY3JlYXRlIjoxMjAwMDAwMDAwMDAwLCJkZWxldGUiOjEyMDAwMDAwMDAwMDAsInVwZGF0ZSI6MTIwMDAwMDAwMDAwMH19"
        }
      ]
    },
    {
      "mode": "managed",
      "type": "google_service_account",
      "name": "cf_sa",
      "provider": "provider[\"registry.terraform.io/hashicorp/google\"]",
      "instances": [
        {
          "schema_version": 0,
          "attributes": {
            "account_id": "cf-gcs-to-pubsub-publisher-sa",
            "create_ignore_already_exists": null,
            "description": "",
            "disabled": false,
            "display_name": "SA for Cloud Function gcs-to-pubsub-publisher",
            "email": "cf-gcs-to-pubsub-publisher-sa@pubsub-demo-0518.iam.gserviceaccount.com",
            "id": "projects/pubsub-demo-0518/serviceAccounts/cf-gcs-to-pubsub-publisher-sa@pubsub-demo-0518.iam.gserviceaccount.com",
            "member": "serviceAccount:cf-gcs-to-pubsub-publisher-sa@pubsub-demo-0518.iam.gserviceaccount.com",
            "name": "projects/pubsub-demo-0518/serviceAccounts/cf-gcs-to-pubsub-publisher-sa@pubsub-demo-0518.iam.gserviceaccount.com",
            "project": "pubsub-demo-0518",
            "timeouts": null,
            "unique_id": "112272281090788732229"
          },
          "sensitive_attributes": [],
          "private": "eyJlMmJmYjczMC1lY2FhLTExZTYtOGY4OC0zNDM2M2JjN2M0YzAiOnsiY3JlYXRlIjozMDAwMDAwMDAwMDB9fQ=="
        }
      ]
    },
    {
      "mode": "managed",
      "type": "google_service_account",
      "name": "cr_job_sa",
      "provider": "provider[\"registry.terraform.io/hashicorp/google\"]",
      "instances": [
        {
          "schema_version": 0,
          "attributes": {
            "account_id": "crj-pubsub-gcs-subscriber-j-sa",
            "create_ignore_already_exists": null,
            "description": "",
            "disabled": false,
            "display_name": "SA for Cloud Run Job pubsub-gcs-subscriber-job",
            "email": "crj-pubsub-gcs-subscriber-j-sa@pubsub-demo-0518.iam.gserviceaccount.com",
            "id": "projects/pubsub-demo-0518/serviceAccounts/crj-pubsub-gcs-subscriber-j-sa@pubsub-demo-0518.iam.gserviceaccount.com",
            "member": "serviceAccount:crj-pubsub-gcs-subscriber-j-sa@pubsub-demo-0518.iam.gserviceaccount.com",
            "name": "projects/pubsub-demo-0518/serviceAccounts/crj-pubsub-gcs-subscriber-j-sa@pubsub-demo-0518.iam.gserviceaccount.com",
            "project": "pubsub-demo-0518",
            "timeouts": null,
            "unique_id": "114018649342383234402"
          },
          "sensitive_attributes": [],
          "private": "eyJlMmJmYjczMC1lY2FhLTExZTYtOGY4OC0zNDM2M2JjN2M0YzAiOnsiY3JlYXRlIjozMDAwMDAwMDAwMDB9fQ=="
        }
      ]
    },
    {
      "mode": "managed",
      "type": "google_storage_bucket",
      "name": "function_source_bucket",
      "provider": "provider[\"registry.terraform.io/hashicorp/google\"]",
      "instances": [
        {
          "schema_version": 2,
          "attributes": {
            "autoclass": [],
            "cors": [],
            "custom_placement_config": [],
            "default_event_based_hold": false,
            "effective_labels": {},
            "enable_object_retention": false,
            "encryption": [],
            "force_destroy": false,
            "id": "pubsub-demo-0518-cf-source-b0f2920b",
            "labels": {},
            "lifecycle_rule": [],
            "location": "US-CENTRAL1",
            "logging": [],
            "name": "pubsub-demo-0518-cf-source-b0f2920b",
            "project": "pubsub-demo-0518",
            "project_number": 935493083988,
            "public_access_prevention": "inherited",
            "requester_pays": false,
            "retention_policy": [],
            "rpo": null,
            "self_link": "https://www.googleapis.com/storage/v1/b/pubsub-demo-0518-cf-source-b0f2920b",
            "soft_delete_policy": [
              {
                "effective_time": "2025-06-09T19:26:26.130Z",
                "retention_duration_seconds": 604800
              }
            ],
            "storage_class": "STANDARD",
            "terraform_labels": {},
            "timeouts": null,
            "uniform_bucket_level_access": true,
            "url": "gs://pubsub-demo-0518-cf-source-b0f2920b",
            "versioning": [],
            "website": []
          },
          "sensitive_attributes": [],
          "private": "eyJlMmJmYjczMC1lY2FhLTExZTYtOGY4OC0zNDM2M2JjN2M0YzAiOnsiY3JlYXRlIjo2MDAwMDAwMDAwMDAsInJlYWQiOjI0MDAwMDAwMDAwMCwidXBkYXRlIjoyNDAwMDAwMDAwMDB9LCJzY2hlbWFfdmVyc2lvbiI6IjIifQ==",
          "dependencies": [
            "random_id.bucket_hex"
          ]
        }
      ]
    },
    {
      "mode": "managed",
      "type": "google_storage_bucket",
      "name": "source_bucket",
      "provider": "provider[\"registry.terraform.io/hashicorp/google\"]",
      "instances": [
        {
          "schema_version": 2,
          "attributes": {
            "autoclass": [],
            "cors": [],
            "custom_placement_config": [],
            "default_event_based_hold": false,
            "effective_labels": {},
            "enable_object_retention": false,
            "encryption": [],
            "force_destroy": false,
            "id": "pubsub-demo-0518-source-files-b0f2920b",
            "labels": {},
            "lifecycle_rule": [],
            "location": "US-CENTRAL1",
            "logging": [],
            "name": "pubsub-demo-0518-source-files-b0f2920b",
            "project": "pubsub-demo-0518",
            "project_number": 935493083988,
            "public_access_prevention": "inherited",
            "requester_pays": false,
            "retention_policy": [],
            "rpo": null,
            "self_link": "https://www.googleapis.com/storage/v1/b/pubsub-demo-0518-source-files-b0f2920b",
            "soft_delete_policy": [
              {
                "effective_time": "2025-06-09T19:26:25.216Z",
                "retention_duration_seconds": 604800
              }
            ],
            "storage_class": "STANDARD",
            "terraform_labels": {},
            "timeouts": null,
            "uniform_bucket_level_access": true,
            "url": "gs://pubsub-demo-0518-source-files-b0f2920b",
            "versioning": [],
            "website": []
          },
          "sensitive_attributes": [],
          "private": "eyJlMmJmYjczMC1lY2FhLTExZTYtOGY4OC0zNDM2M2JjN2M0YzAiOnsiY3JlYXRlIjo2MDAwMDAwMDAwMDAsInJlYWQiOjI0MDAwMDAwMDAwMCwidXBkYXRlIjoyNDAwMDAwMDAwMDB9LCJzY2hlbWFfdmVyc2lvbiI6IjIifQ==",
          "dependencies": [
            "random_id.bucket_hex"
          ]
        }
      ]
    },
    {
      "mode": "managed",
      "type": "google_storage_bucket",
      "name": "target_bucket",
      "provider": "provider[\"registry.terraform.io/hashicorp/google\"]",
      "instances": [
        {
          "schema_version": 2,
          "attributes": {
            "autoclass": [],
            "cors": [],
            "custom_placement_config": [],
            "default_event_based_hold": false,
            "effective_labels": {},
            "enable_object_retention": false,
            "encryption": [],
            "force_destroy": false,
            "id": "pubsub-demo-0518-processed-files-b0f2920b",
            "labels": {},
            "lifecycle_rule": [],
            "location": "US-CENTRAL1",
            "logging": [],
            "name": "pubsub-demo-0518-processed-files-b0f2920b",
            "project": "pubsub-demo-0518",
            "project_number": 935493083988,
            "public_access_prevention": "inherited",
            "requester_pays": false,
            "retention_policy": [],
            "rpo": null,
            "self_link": "https://www.googleapis.com/storage/v1/b/pubsub-demo-0518-processed-files-b0f2920b",
            "soft_delete_policy": [
              {
                "effective_time": "2025-06-09T19:26:25.998Z",
                "retention_duration_seconds": 604800
              }
            ],
            "storage_class": "STANDARD",
            "terraform_labels": {},
            "timeouts": null,
            "uniform_bucket_level_access": true,
            "url": "gs://pubsub-demo-0518-processed-files-b0f2920b",
            "versioning": [],
            "website": []
          },
          "sensitive_attributes": [],
          "private": "eyJlMmJmYjczMC1lY2FhLTExZTYtOGY4OC0zNDM2M2JjN2M0YzAiOnsiY3JlYXRlIjo2MDAwMDAwMDAwMDAsInJlYWQiOjI0MDAwMDAwMDAwMCwidXBkYXRlIjoyNDAwMDAwMDAwMDB9LCJzY2hlbWFfdmVyc2lvbiI6IjIifQ==",
          "dependencies": [
            "random_id.bucket_hex"
          ]
        }
      ]
    },
    {
      "mode": "managed",
      "type": "google_storage_bucket",
      "name": "terraform_state_bucket",
      "provider": "provider[\"registry.terraform.io/hashicorp/google\"]",
      "instances": [
        {
          "schema_version": 2,
          "attributes": {
            "autoclass": [],
            "cors": [],
            "custom_placement_config": [],
            "default_event_based_hold": false,
            "effective_labels": {},
            "enable_object_retention": false,
            "encryption": [],
            "force_destroy": false,
            "id": "pubsub-demo-0518-tfstate-b0f2920b",
            "labels": null,
            "lifecycle_rule": [],
            "location": "US-CENTRAL1",
            "logging": [],
            "name": "pubsub-demo-0518-tfstate-b0f2920b",
            "project": "pubsub-demo-0518",
            "project_number": 935493083988,
            "public_access_prevention": "inherited",
            "requester_pays": false,
            "retention_policy": [],
            "rpo": null,
            "self_link": "https://www.googleapis.com/storage/v1/b/pubsub-demo-0518-tfstate-b0f2920b",
            "soft_delete_policy": [
              {
                "effective_time": "2025-06-10T12:20:13.297Z",
                "retention_duration_seconds": 604800
              }
            ],
            "storage_class": "STANDARD",
            "terraform_labels": {},
            "timeouts": null,
            "uniform_bucket_level_access": true,
            "url": "gs://pubsub-demo-0518-tfstate-b0f2920b",
            "versioning": [
              {
                "enabled": true
              }
            ],
            "website": []
          },
          "sensitive_attributes": [],
          "private": "eyJlMmJmYjczMC1lY2FhLTExZTYtOGY4OC0zNDM2M2JjN2M0YzAiOnsiY3JlYXRlIjo2MDAwMDAwMDAwMDAsInJlYWQiOjI0MDAwMDAwMDAwMCwidXBkYXRlIjoyNDAwMDAwMDAwMDB9LCJzY2hlbWFfdmVyc2lvbiI6IjIifQ==",
          "dependencies": [
            "random_id.bucket_hex"
          ]
        }
      ]
    },
    {
      "mode": "managed",
      "type": "google_storage_bucket_object",
      "name": "function_source_archive",
      "provider": "provider[\"registry.terraform.io/hashicorp/google\"]",
      "instances": [
        {
          "schema_version": 0,
          "attributes": {
            "bucket": "pubsub-demo-0518-cf-source-b0f2920b",
            "cache_control": "",
            "content": null,
            "content_disposition": "",
            "content_encoding": "",
            "content_language": "",
            "content_type": "application/zip",
            "crc32c": "voWJXw==",
            "customer_encryption": [],
            "detect_md5hash": "OZtCdx0bFgJcmPHaIPB3NA==",
            "event_based_hold": false,
            "generation": 1749514696620191,
            "id": "pubsub-demo-0518-cf-source-b0f2920b-source-399b42771d1b16025c98f1da20f07734.zip",
            "kms_key_name": "",
            "md5hash": "OZtCdx0bFgJcmPHaIPB3NA==",
            "media_link": "https://storage.googleapis.com/download/storage/v1/b/pubsub-demo-0518-cf-source-b0f2920b/o/source-399b42771d1b16025c98f1da20f07734.zip?generation=1749514696620191\u0026alt=media",
            "metadata": {},
            "name": "source-399b42771d1b16025c98f1da20f07734.zip",
            "output_name": "source-399b42771d1b16025c98f1da20f07734.zip",
            "retention": [],
            "self_link": "https://www.googleapis.com/storage/v1/b/pubsub-demo-0518-cf-source-b0f2920b/o/source-399b42771d1b16025c98f1da20f07734.zip",
            "source": "function_source_gcs-to-pubsub-publisher.zip",
            "storage_class": "STANDARD",
            "temporary_hold": false,
            "timeouts": null
          },
          "sensitive_attributes": [
            [
              {
                "type": "get_attr",
                "value": "content"
              }
            ]
          ],
          "private": "eyJlMmJmYjczMC1lY2FhLTExZTYtOGY4OC0zNDM2M2JjN2M0YzAiOnsiY3JlYXRlIjoyNDAwMDAwMDAwMDAsImRlbGV0ZSI6MjQwMDAwMDAwMDAwLCJ1cGRhdGUiOjI0MDAwMDAwMDAwMH19",
          "dependencies": [
            "data.archive_file.function_source_zip",
            "google_storage_bucket.function_source_bucket",
            "random_id.bucket_hex"
          ]
        }
      ]
    },
    {
      "mode": "managed",
      "type": "random_id",
      "name": "bucket_hex",
      "provider": "provider[\"registry.terraform.io/hashicorp/random\"]",
      "instances": [
        {
          "schema_version": 0,
          "attributes": {
            "b64_std": "sPKSCw==",
            "b64_url": "sPKSCw",
            "byte_length": 4,
            "dec": "2968687115",
            "hex": "b0f2920b",
            "id": "sPKSCw",
            "keepers": null,
            "prefix": null
          },
          "sensitive_attributes": []
        }
      ]
    }
  ],
  "check_results": null
}
