{
  "version": 4,
  "terraform_version": "1.11.2",
  "serial": 17,
  "lineage": "20bba848-c7f6-4050-a2dd-bf797c3ca73c",
  "outputs": {
    "cloud_function_name": {
      "value": "gcs-to-pubsub-publisher",
      "type": "string"
    },
    "cloud_function_service_account_email": {
      "value": "cf-gcs-to-pubsub-publisher-sa@pubsub-demo-0518.iam.gserviceaccount.com",
      "type": "string"
    },
    "function_source_gcs_bucket_name": {
      "value": "pubsub-demo-0518-cf-source-b0f2920b",
      "type": "string"
    },
    "pubsub_subscription_name_full": {
      "value": "projects/pubsub-demo-0518/subscriptions/gcs-file-event-subscriber",
      "type": "string"
    },
    "pubsub_topic_name_full": {
      "value": "projects/pubsub-demo-0518/topics/gcs-file-events",
      "type": "string"
    },
    "pubsub_topic_name_short": {
      "value": "gcs-file-events",
      "type": "string"
    },
    "source_gcs_bucket_name": {
      "value": "pubsub-demo-0518-source-files-b0f2920b",
      "type": "string"
    },
    "target_gcs_bucket_name": {
      "value": "pubsub-demo-0518-processed-files-b0f2920b",
      "type": "string"
    }
  },
  "resources": [
    {
      "mode": "data",
      "type": "archive_file",
      "name": "function_source_zip",
      "provider": "provider[\"registry.terraform.io/hashicorp/archive\"]",
      "instances": [
        {
          "schema_version": 0,
          "attributes": {
            "exclude_symlink_directories": null,
            "excludes": null,
            "id": "0da9e3bc9b1808a1297c0392e05f75c49140561a",
            "output_base64sha256": "LxpxMknuPoagqoL28ZRaj2ueEzyFJGEUDd+PKJ6zgng=",
            "output_base64sha512": "WH4p77BFCcYhOPCdntOpSyOGOHV0OOZybXXE4q8Ds/+nYB8xbXsbZq/TYq+bhbC7vo6KmcJCTpsLmXxkCrGQcQ==",
            "output_file_mode": null,
            "output_md5": "92423174d2c2373c3d5f3128a7e64815",
            "output_path": "function_source_gcs-to-pubsub-publisher.zip",
            "output_sha": "0da9e3bc9b1808a1297c0392e05f75c49140561a",
            "output_sha256": "2f1a713249ee3e86a0aa82f6f1945a8f6b9e133c852461140ddf8f289eb38278",
            "output_sha512": "587e29efb04509c62138f09d9ed3a94b238638757438e6726d75c4e2af03b3ffa7601f316d7b1b66afd362af9b85b0bbbe8e8a99c2424e9b0b997c640ab19071",
            "output_size": 1558,
            "source": [],
            "source_content": null,
            "source_content_filename": null,
            "source_dir": "/home/shacham/dev/train/gcp/pubsub/infra/function_source",
            "source_file": null,
            "type": "zip"
          },
          "sensitive_attributes": []
        }
      ]
    },
    {
      "mode": "data",
      "type": "google_project",
      "name": "project",
      "provider": "provider[\"registry.terraform.io/hashicorp/google\"]",
      "instances": [
        {
          "schema_version": 0,
          "attributes": {
            "auto_create_network": null,
            "billing_account": "017823-F87FB0-DD553E",
            "deletion_policy": "DELETE",
            "effective_labels": {},
            "folder_id": null,
            "id": "projects/pubsub-demo-0518",
            "labels": {},
            "name": "pubsub-demo-0518",
            "number": "935493083988",
            "org_id": null,
            "project_id": "pubsub-demo-0518",
            "skip_delete": null,
            "terraform_labels": {}
          },
          "sensitive_attributes": []
        }
      ]
    },
    {
      "mode": "managed",
      "type": "google_cloudfunctions2_function",
      "name": "default_function",
      "provider": "provider[\"registry.terraform.io/hashicorp/google\"]",
      "instances": [
        {
          "status": "tainted",
          "schema_version": 0,
          "attributes": {
            "build_config": [
              {
                "automatic_update_policy": [],
                "build": "",
                "docker_repository": "",
                "entry_point": "gcs_event_handler",
                "environment_variables": {},
                "on_deploy_update_policy": [],
                "runtime": "python311",
                "service_account": "",
                "source": [
                  {
                    "repo_source": [],
                    "storage_source": [
                      {
                        "bucket": "pubsub-demo-0518-cf-source-b0f2920b",
                        "generation": 0,
                        "object": "source-92423174d2c2373c3d5f3128a7e64815.zip"
                      }
                    ]
                  }
                ],
                "worker_pool": ""
              }
            ],
            "description": "Publishes GCS file content (JSON list) as individual Pub/Sub messages.",
            "effective_labels": null,
            "environment": null,
            "event_trigger": [
              {
                "event_filters": [
                  {
                    "attribute": "bucket",
                    "operator": "",
                    "value": "pubsub-demo-0518-source-files-b0f2920b"
                  }
                ],
                "event_type": "google.cloud.storage.object.v1.finalized",
                "pubsub_topic": "",
                "retry_policy": "RETRY_POLICY_RETRY",
                "service_account_email": "cf-gcs-to-pubsub-publisher-sa@pubsub-demo-0518.iam.gserviceaccount.com",
                "trigger": "",
                "trigger_region": "us-central1"
              }
            ],
            "id": "projects/pubsub-demo-0518/locations/us-central1/functions/gcs-to-pubsub-publisher",
            "kms_key_name": null,
            "labels": null,
            "location": "us-central1",
            "name": "gcs-to-pubsub-publisher",
            "project": "pubsub-demo-0518",
            "service_config": [
              {
                "all_traffic_on_latest_revision": true,
                "available_cpu": "",
                "available_memory": "256Mi",
                "environment_variables": {
                  "GCP_PROJECT_ID": "pubsub-demo-0518",
                  "PUBSUB_TOPIC_ID": "gcs-file-events"
                },
                "gcf_uri": "",
                "ingress_settings": "ALLOW_ALL",
                "max_instance_count": 3,
                "max_instance_request_concurrency": 0,
                "min_instance_count": 0,
                "secret_environment_variables": [],
                "secret_volumes": [],
                "service": "",
                "service_account_email": "cf-gcs-to-pubsub-publisher-sa@pubsub-demo-0518.iam.gserviceaccount.com",
                "timeout_seconds": 60,
                "uri": "",
                "vpc_connector": "",
                "vpc_connector_egress_settings": ""
              }
            ],
            "state": null,
            "terraform_labels": null,
            "timeouts": null,
            "update_time": null,
            "url": null
          },
          "sensitive_attributes": [],
          "private": "eyJlMmJmYjczMC1lY2FhLTExZTYtOGY4OC0zNDM2M2JjN2M0YzAiOnsiY3JlYXRlIjozNjAwMDAwMDAwMDAwLCJkZWxldGUiOjM2MDAwMDAwMDAwMDAsInVwZGF0ZSI6MzYwMDAwMDAwMDAwMH19",
          "dependencies": [
            "data.archive_file.function_source_zip",
            "google_project_iam_member.cf_sa_run_invoker",
            "google_pubsub_topic.default_topic",
            "google_service_account.cf_sa",
            "google_storage_bucket.function_source_bucket",
            "google_storage_bucket.source_bucket",
            "google_storage_bucket_object.function_source_archive",
            "random_id.bucket_hex"
          ]
        }
      ]
    },
    {
      "mode": "managed",
      "type": "google_project_iam_member",
      "name": "cf_sa_eventarc_receiver",
      "provider": "provider[\"registry.terraform.io/hashicorp/google\"]",
      "instances": [
        {
          "schema_version": 0,
          "attributes": {
            "condition": [],
            "etag": "BwY3KI+X59Q=",
            "id": "pubsub-demo-0518/roles/eventarc.eventReceiver/serviceAccount:cf-gcs-to-pubsub-publisher-sa@pubsub-demo-0518.iam.gserviceaccount.com",
            "member": "serviceAccount:cf-gcs-to-pubsub-publisher-sa@pubsub-demo-0518.iam.gserviceaccount.com",
            "project": "pubsub-demo-0518",
            "role": "roles/eventarc.eventReceiver"
          },
          "sensitive_attributes": [],
          "private": "bnVsbA==",
          "dependencies": [
            "google_service_account.cf_sa"
          ]
        }
      ]
    },
    {
      "mode": "managed",
      "type": "google_project_iam_member",
      "name": "cf_sa_pubsub_publisher",
      "provider": "provider[\"registry.terraform.io/hashicorp/google\"]",
      "instances": [
        {
          "schema_version": 0,
          "attributes": {
            "condition": [],
            "etag": "BwY3KI+X59Q=",
            "id": "pubsub-demo-0518/roles/pubsub.publisher/serviceAccount:cf-gcs-to-pubsub-publisher-sa@pubsub-demo-0518.iam.gserviceaccount.com",
            "member": "serviceAccount:cf-gcs-to-pubsub-publisher-sa@pubsub-demo-0518.iam.gserviceaccount.com",
            "project": "pubsub-demo-0518",
            "role": "roles/pubsub.publisher"
          },
          "sensitive_attributes": [],
          "private": "bnVsbA==",
          "dependencies": [
            "google_service_account.cf_sa"
          ]
        }
      ]
    },
    {
      "mode": "managed",
      "type": "google_project_iam_member",
      "name": "cf_sa_run_invoker",
      "provider": "provider[\"registry.terraform.io/hashicorp/google\"]",
      "instances": [
        {
          "schema_version": 0,
          "attributes": {
            "condition": [],
            "etag": "BwY3KI+X59Q=",
            "id": "pubsub-demo-0518/roles/run.invoker/serviceAccount:cf-gcs-to-pubsub-publisher-sa@pubsub-demo-0518.iam.gserviceaccount.com",
            "member": "serviceAccount:cf-gcs-to-pubsub-publisher-sa@pubsub-demo-0518.iam.gserviceaccount.com",
            "project": "pubsub-demo-0518",
            "role": "roles/run.invoker"
          },
          "sensitive_attributes": [],
          "private": "bnVsbA==",
          "dependencies": [
            "google_service_account.cf_sa"
          ]
        }
      ]
    },
    {
      "mode": "managed",
      "type": "google_project_iam_member",
      "name": "cf_sa_storage_object_viewer",
      "provider": "provider[\"registry.terraform.io/hashicorp/google\"]",
      "instances": [
        {
          "schema_version": 0,
          "attributes": {
            "condition": [],
            "etag": "BwY3KI+X59Q=",
            "id": "pubsub-demo-0518/roles/storage.objectViewer/serviceAccount:cf-gcs-to-pubsub-publisher-sa@pubsub-demo-0518.iam.gserviceaccount.com",
            "member": "serviceAccount:cf-gcs-to-pubsub-publisher-sa@pubsub-demo-0518.iam.gserviceaccount.com",
            "project": "pubsub-demo-0518",
            "role": "roles/storage.objectViewer"
          },
          "sensitive_attributes": [],
          "private": "bnVsbA==",
          "dependencies": [
            "google_service_account.cf_sa"
          ]
        }
      ]
    },
    {
      "mode": "managed",
      "type": "google_project_iam_member",
      "name": "eventarc_service_agent",
      "provider": "provider[\"registry.terraform.io/hashicorp/google\"]",
      "instances": [
        {
          "schema_version": 0,
          "attributes": {
            "condition": [],
            "etag": "BwY3KKD7vaQ=",
            "id": "pubsub-demo-0518/roles/eventarc.serviceAgent/serviceAccount:service-935493083988@gcp-sa-eventarc.iam.gserviceaccount.com",
            "member": "serviceAccount:service-935493083988@gcp-sa-eventarc.iam.gserviceaccount.com",
            "project": "pubsub-demo-0518",
            "role": "roles/eventarc.serviceAgent"
          },
          "sensitive_attributes": [],
          "private": "bnVsbA==",
          "dependencies": [
            "data.google_project.project"
          ]
        }
      ]
    },
    {
      "mode": "managed",
      "type": "google_pubsub_subscription",
      "name": "default_subscription",
      "provider": "provider[\"registry.terraform.io/hashicorp/google\"]",
      "instances": [
        {
          "schema_version": 0,
          "attributes": {
            "ack_deadline_seconds": 30,
            "bigquery_config": [],
            "cloud_storage_config": [],
            "dead_letter_policy": [],
            "effective_labels": {},
            "enable_exactly_once_delivery": false,
            "enable_message_ordering": false,
            "expiration_policy": [
              {
                "ttl": "2678400s"
              }
            ],
            "filter": "",
            "id": "projects/pubsub-demo-0518/subscriptions/gcs-file-event-subscriber",
            "labels": {},
            "message_retention_duration": "604800s",
            "name": "gcs-file-event-subscriber",
            "project": "pubsub-demo-0518",
            "push_config": [],
            "retain_acked_messages": false,
            "retry_policy": [],
            "terraform_labels": {},
            "timeouts": null,
            "topic": "projects/pubsub-demo-0518/topics/gcs-file-events"
          },
          "sensitive_attributes": [],
          "private": "eyJlMmJmYjczMC1lY2FhLTExZTYtOGY4OC0zNDM2M2JjN2M0YzAiOnsiY3JlYXRlIjoxMjAwMDAwMDAwMDAwLCJkZWxldGUiOjEyMDAwMDAwMDAwMDAsInVwZGF0ZSI6MTIwMDAwMDAwMDAwMH19",
          "dependencies": [
            "google_pubsub_topic.default_topic"
          ]
        }
      ]
    },
    {
      "mode": "managed",
      "type": "google_pubsub_topic",
      "name": "default_topic",
      "provider": "provider[\"registry.terraform.io/hashicorp/google\"]",
      "instances": [
        {
          "schema_version": 0,
          "attributes": {
            "effective_labels": {},
            "id": "projects/pubsub-demo-0518/topics/gcs-file-events",
            "ingestion_data_source_settings": [],
            "kms_key_name": "",
            "labels": {},
            "message_retention_duration": "",
            "message_storage_policy": [],
            "name": "gcs-file-events",
            "project": "pubsub-demo-0518",
            "schema_settings": [],
            "terraform_labels": {},
            "timeouts": null
          },
          "sensitive_attributes": [],
          "private": "eyJlMmJmYjczMC1lY2FhLTExZTYtOGY4OC0zNDM2M2JjN2M0YzAiOnsiY3JlYXRlIjoxMjAwMDAwMDAwMDAwLCJkZWxldGUiOjEyMDAwMDAwMDAwMDAsInVwZGF0ZSI6MTIwMDAwMDAwMDAwMH19"
        }
      ]
    },
    {
      "mode": "managed",
      "type": "google_service_account",
      "name": "cf_sa",
      "provider": "provider[\"registry.terraform.io/hashicorp/google\"]",
      "instances": [
        {
          "schema_version": 0,
          "attributes": {
            "account_id": "cf-gcs-to-pubsub-publisher-sa",
            "create_ignore_already_exists": null,
            "description": "",
            "disabled": false,
            "display_name": "SA for Cloud Function gcs-to-pubsub-publisher",
            "email": "cf-gcs-to-pubsub-publisher-sa@pubsub-demo-0518.iam.gserviceaccount.com",
            "id": "projects/pubsub-demo-0518/serviceAccounts/cf-gcs-to-pubsub-publisher-sa@pubsub-demo-0518.iam.gserviceaccount.com",
            "member": "serviceAccount:cf-gcs-to-pubsub-publisher-sa@pubsub-demo-0518.iam.gserviceaccount.com",
            "name": "projects/pubsub-demo-0518/serviceAccounts/cf-gcs-to-pubsub-publisher-sa@pubsub-demo-0518.iam.gserviceaccount.com",
            "project": "pubsub-demo-0518",
            "timeouts": null,
            "unique_id": "112272281090788732229"
          },
          "sensitive_attributes": [],
          "private": "eyJlMmJmYjczMC1lY2FhLTExZTYtOGY4OC0zNDM2M2JjN2M0YzAiOnsiY3JlYXRlIjozMDAwMDAwMDAwMDB9fQ=="
        }
      ]
    },
    {
      "mode": "managed",
      "type": "google_storage_bucket",
      "name": "function_source_bucket",
      "provider": "provider[\"registry.terraform.io/hashicorp/google\"]",
      "instances": [
        {
          "schema_version": 2,
          "attributes": {
            "autoclass": [],
            "cors": [],
            "custom_placement_config": [],
            "default_event_based_hold": false,
            "effective_labels": {},
            "enable_object_retention": false,
            "encryption": [],
            "force_destroy": false,
            "id": "pubsub-demo-0518-cf-source-b0f2920b",
            "labels": {},
            "lifecycle_rule": [],
            "location": "US-CENTRAL1",
            "logging": [],
            "name": "pubsub-demo-0518-cf-source-b0f2920b",
            "project": "pubsub-demo-0518",
            "project_number": 935493083988,
            "public_access_prevention": "inherited",
            "requester_pays": false,
            "retention_policy": [],
            "rpo": null,
            "self_link": "https://www.googleapis.com/storage/v1/b/pubsub-demo-0518-cf-source-b0f2920b",
            "soft_delete_policy": [
              {
                "effective_time": "2025-06-09T19:26:26.130Z",
                "retention_duration_seconds": 604800
              }
            ],
            "storage_class": "STANDARD",
            "terraform_labels": {},
            "timeouts": null,
            "uniform_bucket_level_access": true,
            "url": "gs://pubsub-demo-0518-cf-source-b0f2920b",
            "versioning": [],
            "website": []
          },
          "sensitive_attributes": [],
          "private": "eyJlMmJmYjczMC1lY2FhLTExZTYtOGY4OC0zNDM2M2JjN2M0YzAiOnsiY3JlYXRlIjo2MDAwMDAwMDAwMDAsInJlYWQiOjI0MDAwMDAwMDAwMCwidXBkYXRlIjoyNDAwMDAwMDAwMDB9LCJzY2hlbWFfdmVyc2lvbiI6IjIifQ==",
          "dependencies": [
            "random_id.bucket_hex"
          ]
        }
      ]
    },
    {
      "mode": "managed",
      "type": "google_storage_bucket",
      "name": "source_bucket",
      "provider": "provider[\"registry.terraform.io/hashicorp/google\"]",
      "instances": [
        {
          "schema_version": 2,
          "attributes": {
            "autoclass": [],
            "cors": [],
            "custom_placement_config": [],
            "default_event_based_hold": false,
            "effective_labels": {},
            "enable_object_retention": false,
            "encryption": [],
            "force_destroy": false,
            "id": "pubsub-demo-0518-source-files-b0f2920b",
            "labels": {},
            "lifecycle_rule": [],
            "location": "US-CENTRAL1",
            "logging": [],
            "name": "pubsub-demo-0518-source-files-b0f2920b",
            "project": "pubsub-demo-0518",
            "project_number": 935493083988,
            "public_access_prevention": "inherited",
            "requester_pays": false,
            "retention_policy": [],
            "rpo": null,
            "self_link": "https://www.googleapis.com/storage/v1/b/pubsub-demo-0518-source-files-b0f2920b",
            "soft_delete_policy": [
              {
                "effective_time": "2025-06-09T19:26:25.216Z",
                "retention_duration_seconds": 604800
              }
            ],
            "storage_class": "STANDARD",
            "terraform_labels": {},
            "timeouts": null,
            "uniform_bucket_level_access": true,
            "url": "gs://pubsub-demo-0518-source-files-b0f2920b",
            "versioning": [],
            "website": []
          },
          "sensitive_attributes": [],
          "private": "eyJlMmJmYjczMC1lY2FhLTExZTYtOGY4OC0zNDM2M2JjN2M0YzAiOnsiY3JlYXRlIjo2MDAwMDAwMDAwMDAsInJlYWQiOjI0MDAwMDAwMDAwMCwidXBkYXRlIjoyNDAwMDAwMDAwMDB9LCJzY2hlbWFfdmVyc2lvbiI6IjIifQ==",
          "dependencies": [
            "random_id.bucket_hex"
          ]
        }
      ]
    },
    {
      "mode": "managed",
      "type": "google_storage_bucket",
      "name": "target_bucket",
      "provider": "provider[\"registry.terraform.io/hashicorp/google\"]",
      "instances": [
        {
          "schema_version": 2,
          "attributes": {
            "autoclass": [],
            "cors": [],
            "custom_placement_config": [],
            "default_event_based_hold": false,
            "effective_labels": {},
            "enable_object_retention": false,
            "encryption": [],
            "force_destroy": false,
            "id": "pubsub-demo-0518-processed-files-b0f2920b",
            "labels": {},
            "lifecycle_rule": [],
            "location": "US-CENTRAL1",
            "logging": [],
            "name": "pubsub-demo-0518-processed-files-b0f2920b",
            "project": "pubsub-demo-0518",
            "project_number": 935493083988,
            "public_access_prevention": "inherited",
            "requester_pays": false,
            "retention_policy": [],
            "rpo": null,
            "self_link": "https://www.googleapis.com/storage/v1/b/pubsub-demo-0518-processed-files-b0f2920b",
            "soft_delete_policy": [
              {
                "effective_time": "2025-06-09T19:26:25.998Z",
                "retention_duration_seconds": 604800
              }
            ],
            "storage_class": "STANDARD",
            "terraform_labels": {},
            "timeouts": null,
            "uniform_bucket_level_access": true,
            "url": "gs://pubsub-demo-0518-processed-files-b0f2920b",
            "versioning": [],
            "website": []
          },
          "sensitive_attributes": [],
          "private": "eyJlMmJmYjczMC1lY2FhLTExZTYtOGY4OC0zNDM2M2JjN2M0YzAiOnsiY3JlYXRlIjo2MDAwMDAwMDAwMDAsInJlYWQiOjI0MDAwMDAwMDAwMCwidXBkYXRlIjoyNDAwMDAwMDAwMDB9LCJzY2hlbWFfdmVyc2lvbiI6IjIifQ==",
          "dependencies": [
            "random_id.bucket_hex"
          ]
        }
      ]
    },
    {
      "mode": "managed",
      "type": "google_storage_bucket_object",
      "name": "function_source_archive",
      "provider": "provider[\"registry.terraform.io/hashicorp/google\"]",
      "instances": [
        {
          "schema_version": 0,
          "attributes": {
            "bucket": "pubsub-demo-0518-cf-source-b0f2920b",
            "cache_control": "",
            "content": null,
            "content_disposition": "",
            "content_encoding": "",
            "content_language": "",
            "content_type": "application/zip",
            "crc32c": "JNcy+Q==",
            "customer_encryption": [],
            "detect_md5hash": "kkIxdNLCNzw9XzEop+ZIFQ==",
            "event_based_hold": false,
            "generation": 1749497186653300,
            "id": "pubsub-demo-0518-cf-source-b0f2920b-source-92423174d2c2373c3d5f3128a7e64815.zip",
            "kms_key_name": "",
            "md5hash": "kkIxdNLCNzw9XzEop+ZIFQ==",
            "media_link": "https://storage.googleapis.com/download/storage/v1/b/pubsub-demo-0518-cf-source-b0f2920b/o/source-92423174d2c2373c3d5f3128a7e64815.zip?generation=1749497186653300\u0026alt=media",
            "metadata": {},
            "name": "source-92423174d2c2373c3d5f3128a7e64815.zip",
            "output_name": "source-92423174d2c2373c3d5f3128a7e64815.zip",
            "retention": [],
            "self_link": "https://www.googleapis.com/storage/v1/b/pubsub-demo-0518-cf-source-b0f2920b/o/source-92423174d2c2373c3d5f3128a7e64815.zip",
            "source": "function_source_gcs-to-pubsub-publisher.zip",
            "storage_class": "STANDARD",
            "temporary_hold": false,
            "timeouts": null
          },
          "sensitive_attributes": [
            [
              {
                "type": "get_attr",
                "value": "content"
              }
            ]
          ],
          "private": "eyJlMmJmYjczMC1lY2FhLTExZTYtOGY4OC0zNDM2M2JjN2M0YzAiOnsiY3JlYXRlIjoyNDAwMDAwMDAwMDAsImRlbGV0ZSI6MjQwMDAwMDAwMDAwLCJ1cGRhdGUiOjI0MDAwMDAwMDAwMH19",
          "dependencies": [
            "data.archive_file.function_source_zip",
            "google_storage_bucket.function_source_bucket",
            "random_id.bucket_hex"
          ]
        }
      ]
    },
    {
      "mode": "managed",
      "type": "random_id",
      "name": "bucket_hex",
      "provider": "provider[\"registry.terraform.io/hashicorp/random\"]",
      "instances": [
        {
          "schema_version": 0,
          "attributes": {
            "b64_std": "sPKSCw==",
            "b64_url": "sPKSCw",
            "byte_length": 4,
            "dec": "2968687115",
            "hex": "b0f2920b",
            "id": "sPKSCw",
            "keepers": null,
            "prefix": null
          },
          "sensitive_attributes": []
        }
      ]
    }
  ],
  "check_results": null
}
